
Microsoft Visual Studio Solution File, Format Version 12.00
# Visual Studio Version 17
VisualStudioVersion = 17.11.35312.102
MinimumVisualStudioVersion = 10.0.40219.1
Project("{FAE04EC0-301F-11D3-BF4B-00C04F79EFBC}") = "ProjektFilmy", "ProjektFilmy\ProjektFilmy.csproj", "{50B38099-88B2-4899-987B-1E614B3E024B}"
EndProject
Project("{FAE04EC0-301F-11D3-BF4B-00C04F79EFBC}") = "ProjektFilmyWPF", "ProjektFilmyWPF\ProjektFilmyWPF.csproj", "{31E17F1A-BCB9-4E9F-B89F-C303BFC4294A}"
EndProject
Global
	GlobalSection(SolutionConfigurationPlatforms) = preSolution
		Debug|Any CPU = Debug|Any CPU
		Release|Any CPU = Release|Any CPU
	EndGlobalSection
	GlobalSection(ProjectConfigurationPlatforms) = postSolution
		{50B38099-88B2-4899-987B-1E614B3E024B}.Debug|Any CPU.ActiveCfg = Debug|Any CPU
		{50B38099-88B2-4899-987B-1E614B3E024B}.Debug|Any CPU.Build.0 = Debug|Any CPU
		{50B38099-88B2-4899-987B-1E614B3E024B}.Release|Any CPU.ActiveCfg = Release|Any CPU
		{50B38099-88B2-4899-987B-1E614B3E024B}.Release|Any CPU.Build.0 = Release|Any CPU
		{31E17F1A-BCB9-4E9F-B89F-C303BFC4294A}.Debug|Any CPU.ActiveCfg = Debug|Any CPU
		{31E17F1A-BCB9-4E9F-B89F-C303BFC4294A}.Debug|Any CPU.Build.0 = Debug|Any CPU
		{31E17F1A-BCB9-4E9F-B89F-C303BFC4294A}.Release|Any CPU.ActiveCfg = Release|Any CPU
		{31E17F1A-BCB9-4E9F-B89F-C303BFC4294A}.Release|Any CPU.Build.0 = Release|Any CPU
	EndGlobalSection
	GlobalSection(SolutionProperties) = preSolution
		HideSolutionNode = FALSE
	EndGlobalSection
	GlobalSection(ExtensibilityGlobals) = postSolution
		SolutionGuid = {77342477-C8BE-4B63-9F4A-007B4F443C06}
	EndGlobalSection
EndGlobal
